// !$*UTF8*$!
{
	archiveVersion = 1;
	classes = {
	};
	objectVersion = 50;
	objects = {

/* Begin PBXBuildFile section */
		C23B1BF22294EF250035C61C /* Timer.swift in Sources */ = {isa = PBXBuildFile; fileRef = C23B1BF12294EF240035C61C /* Timer.swift */; };
		C23B1BF6229510FD0035C61C /* startingScreen.storyboard in Resources */ = {isa = PBXBuildFile; fileRef = C23B1BF5229510FD0035C61C /* startingScreen.storyboard */; };
		C23F455922825FA000CBCB69 /* AppDelegate.swift in Sources */ = {isa = PBXBuildFile; fileRef = C23F455822825FA000CBCB69 /* AppDelegate.swift */; };
		C23F455B22825FA000CBCB69 /* ViewController.swift in Sources */ = {isa = PBXBuildFile; fileRef = C23F455A22825FA000CBCB69 /* ViewController.swift */; };
		C23F455E22825FA000CBCB69 /* signInNsignUp.storyboard in Resources */ = {isa = PBXBuildFile; fileRef = C23F455C22825FA000CBCB69 /* signInNsignUp.storyboard */; };
		C23F456022825FBE00CBCB69 /* Assets.xcassets in Resources */ = {isa = PBXBuildFile; fileRef = C23F455F22825FBE00CBCB69 /* Assets.xcassets */; };
		C23F456322825FBE00CBCB69 /* LaunchScreen.storyboard in Resources */ = {isa = PBXBuildFile; fileRef = C23F456122825FBE00CBCB69 /* LaunchScreen.storyboard */; };
		C23F456B228271BA00CBCB69 /* Account.swift in Sources */ = {isa = PBXBuildFile; fileRef = C23F456A228271BA00CBCB69 /* Account.swift */; };
		C2B341B522952DBA00B258E4 /* main.swift in Sources */ = {isa = PBXBuildFile; fileRef = C2B341B422952DBA00B258E4 /* main.swift */; };
		C2D7D01D228D809600224206 /* Encryption.swift in Sources */ = {isa = PBXBuildFile; fileRef = C2D7D01C228D809600224206 /* Encryption.swift */; };
		C2DB9A322286CC92004293A7 /* main.storyboard in Resources */ = {isa = PBXBuildFile; fileRef = C2DB9A312286CC92004293A7 /* main.storyboard */; };
		C2DB9A34228700FE004293A7 /* vault.storyboard in Resources */ = {isa = PBXBuildFile; fileRef = C2DB9A33228700FE004293A7 /* vault.storyboard */; };
		C2DB9A3822892674004293A7 /* profile.storyboard in Resources */ = {isa = PBXBuildFile; fileRef = C2DB9A3722892674004293A7 /* profile.storyboard */; };
		C2DB9A3A2289296A004293A7 /* AlertServices.swift in Sources */ = {isa = PBXBuildFile; fileRef = C2DB9A392289296A004293A7 /* AlertServices.swift */; };
		C2DB9A3C228929C9004293A7 /* RealmServices.swift in Sources */ = {isa = PBXBuildFile; fileRef = C2DB9A3B228929C9004293A7 /* RealmServices.swift */; };
		C2DB9A3E2289A6B2004293A7 /* Credentials.swift in Sources */ = {isa = PBXBuildFile; fileRef = C2DB9A3D2289A6B2004293A7 /* Credentials.swift */; };
		F4467DDBC91CCFC075C47D5A /* Pods_Quick_Vault.framework in Frameworks */ = {isa = PBXBuildFile; fileRef = 865F4A30793F35597B082EC5 /* Pods_Quick_Vault.framework */; };
/* End PBXBuildFile section */

/* Begin PBXFileReference section */
		6BE46BAF304A4826D862177E /* Pods-Quick Vault.debug.xcconfig */ = {isa = PBXFileReference; includeInIndex = 1; lastKnownFileType = text.xcconfig; name = "Pods-Quick Vault.debug.xcconfig"; path = "Target Support Files/Pods-Quick Vault/Pods-Quick Vault.debug.xcconfig"; sourceTree = "<group>"; };
		6CFA25E436EBBD2E43C054EA /* Pods-Quick Vault.release.xcconfig */ = {isa = PBXFileReference; includeInIndex = 1; lastKnownFileType = text.xcconfig; name = "Pods-Quick Vault.release.xcconfig"; path = "Target Support Files/Pods-Quick Vault/Pods-Quick Vault.release.xcconfig"; sourceTree = "<group>"; };
		865F4A30793F35597B082EC5 /* Pods_Quick_Vault.framework */ = {isa = PBXFileReference; explicitFileType = wrapper.framework; includeInIndex = 0; path = Pods_Quick_Vault.framework; sourceTree = BUILT_PRODUCTS_DIR; };
		C23B1BF12294EF240035C61C /* Timer.swift */ = {isa = PBXFileReference; lastKnownFileType = sourcecode.swift; path = Timer.swift; sourceTree = "<group>"; };
		C23B1BF5229510FD0035C61C /* startingScreen.storyboard */ = {isa = PBXFileReference; lastKnownFileType = file.storyboard; path = startingScreen.storyboard; sourceTree = "<group>"; };
		C23F455522825FA000CBCB69 /* Quid.app */ = {isa = PBXFileReference; explicitFileType = wrapper.application; includeInIndex = 0; path = Quid.app; sourceTree = BUILT_PRODUCTS_DIR; };
		C23F455822825FA000CBCB69 /* AppDelegate.swift */ = {isa = PBXFileReference; lastKnownFileType = sourcecode.swift; path = AppDelegate.swift; sourceTree = "<group>"; };
		C23F455A22825FA000CBCB69 /* ViewController.swift */ = {isa = PBXFileReference; lastKnownFileType = sourcecode.swift; path = ViewController.swift; sourceTree = "<group>"; };
		C23F455D22825FA000CBCB69 /* Base */ = {isa = PBXFileReference; lastKnownFileType = file.storyboard; name = Base; path = Base.lproj/signInNsignUp.storyboard; sourceTree = "<group>"; };
		C23F455F22825FBE00CBCB69 /* Assets.xcassets */ = {isa = PBXFileReference; lastKnownFileType = folder.assetcatalog; path = Assets.xcassets; sourceTree = "<group>"; };
		C23F456222825FBE00CBCB69 /* Base */ = {isa = PBXFileReference; lastKnownFileType = file.storyboard; name = Base; path = Base.lproj/LaunchScreen.storyboard; sourceTree = "<group>"; };
		C23F456422825FBE00CBCB69 /* Info.plist */ = {isa = PBXFileReference; lastKnownFileType = text.plist.xml; path = Info.plist; sourceTree = "<group>"; };
		C23F456A228271BA00CBCB69 /* Account.swift */ = {isa = PBXFileReference; lastKnownFileType = sourcecode.swift; path = Account.swift; sourceTree = "<group>"; };
		C2B341B422952DBA00B258E4 /* main.swift */ = {isa = PBXFileReference; lastKnownFileType = sourcecode.swift; path = main.swift; sourceTree = "<group>"; };
		C2D7D01C228D809600224206 /* Encryption.swift */ = {isa = PBXFileReference; lastKnownFileType = sourcecode.swift; name = Encryption.swift; path = ../Encryption.swift; sourceTree = "<group>"; };
		C2DB9A312286CC92004293A7 /* main.storyboard */ = {isa = PBXFileReference; lastKnownFileType = file.storyboard; path = main.storyboard; sourceTree = "<group>"; };
		C2DB9A33228700FE004293A7 /* vault.storyboard */ = {isa = PBXFileReference; lastKnownFileType = file.storyboard; path = vault.storyboard; sourceTree = "<group>"; };
		C2DB9A3722892674004293A7 /* profile.storyboard */ = {isa = PBXFileReference; lastKnownFileType = file.storyboard; path = profile.storyboard; sourceTree = "<group>"; };
		C2DB9A392289296A004293A7 /* AlertServices.swift */ = {isa = PBXFileReference; lastKnownFileType = sourcecode.swift; path = AlertServices.swift; sourceTree = "<group>"; };
		C2DB9A3B228929C9004293A7 /* RealmServices.swift */ = {isa = PBXFileReference; lastKnownFileType = sourcecode.swift; path = RealmServices.swift; sourceTree = "<group>"; };
		C2DB9A3D2289A6B2004293A7 /* Credentials.swift */ = {isa = PBXFileReference; lastKnownFileType = sourcecode.swift; path = Credentials.swift; sourceTree = "<group>"; };
		C2FFB6432297BAC7000D903D /* Quick Vault.entitlements */ = {isa = PBXFileReference; lastKnownFileType = text.plist.entitlements; path = "Quick Vault.entitlements"; sourceTree = "<group>"; };
/* End PBXFileReference section */

/* Begin PBXFrameworksBuildPhase section */
		C23F455222825FA000CBCB69 /* Frameworks */ = {
			isa = PBXFrameworksBuildPhase;
			buildActionMask = 2147483647;
			files = (
				F4467DDBC91CCFC075C47D5A /* Pods_Quick_Vault.framework in Frameworks */,
			);
			runOnlyForDeploymentPostprocessing = 0;
		};
/* End PBXFrameworksBuildPhase section */

/* Begin PBXGroup section */
		6AE638FD344084676C8ABADC /* Frameworks */ = {
			isa = PBXGroup;
			children = (
				865F4A30793F35597B082EC5 /* Pods_Quick_Vault.framework */,
			);
			name = Frameworks;
			sourceTree = "<group>";
		};
		8ACC821C1EDE5E9B5E5C2F70 /* Pods */ = {
			isa = PBXGroup;
			children = (
				6BE46BAF304A4826D862177E /* Pods-Quick Vault.debug.xcconfig */,
				6CFA25E436EBBD2E43C054EA /* Pods-Quick Vault.release.xcconfig */,
			);
			path = Pods;
			sourceTree = "<group>";
		};
		C23F454C22825FA000CBCB69 = {
			isa = PBXGroup;
			children = (
				C23F455722825FA000CBCB69 /* Quick Vault */,
				C23F455622825FA000CBCB69 /* Products */,
				8ACC821C1EDE5E9B5E5C2F70 /* Pods */,
				6AE638FD344084676C8ABADC /* Frameworks */,
			);
			sourceTree = "<group>";
		};
		C23F455622825FA000CBCB69 /* Products */ = {
			isa = PBXGroup;
			children = (
				C23F455522825FA000CBCB69 /* Quid.app */,
			);
			name = Products;
			sourceTree = "<group>";
		};
		C23F455722825FA000CBCB69 /* Quick Vault */ = {
			isa = PBXGroup;
			children = (
				C2FFB6432297BAC7000D903D /* Quick Vault.entitlements */,
				C2DB9A302286CC27004293A7 /* StoryBoards */,
				C23F455822825FA000CBCB69 /* AppDelegate.swift */,
				C23F455A22825FA000CBCB69 /* ViewController.swift */,
				C23B1BF12294EF240035C61C /* Timer.swift */,
				C2B341B422952DBA00B258E4 /* main.swift */,
				C23F456A228271BA00CBCB69 /* Account.swift */,
				C23F455F22825FBE00CBCB69 /* Assets.xcassets */,
				C23F456122825FBE00CBCB69 /* LaunchScreen.storyboard */,
				C23F456422825FBE00CBCB69 /* Info.plist */,
				C2DB9A392289296A004293A7 /* AlertServices.swift */,
				C2DB9A3B228929C9004293A7 /* RealmServices.swift */,
				C2DB9A3D2289A6B2004293A7 /* Credentials.swift */,
				C2D7D01C228D809600224206 /* Encryption.swift */,
			);
			path = "Quick Vault";
			sourceTree = "<group>";
		};
		C2DB9A302286CC27004293A7 /* StoryBoards */ = {
			isa = PBXGroup;
			children = (
				C23F455C22825FA000CBCB69 /* signInNsignUp.storyboard */,
				C2DB9A312286CC92004293A7 /* main.storyboard */,
				C2DB9A33228700FE004293A7 /* vault.storyboard */,
				C2DB9A3722892674004293A7 /* profile.storyboard */,
				C23B1BF5229510FD0035C61C /* startingScreen.storyboard */,
			);
			path = StoryBoards;
			sourceTree = "<group>";
		};
/* End PBXGroup section */

/* Begin PBXNativeTarget section */
		C23F455422825FA000CBCB69 /* Quid */ = {
			isa = PBXNativeTarget;
			buildConfigurationList = C23F456722825FBE00CBCB69 /* Build configuration list for PBXNativeTarget "Quid" */;
			buildPhases = (
				A9CEE3DB7E0BB79F6B2F3E9E /* [CP] Check Pods Manifest.lock */,
				C23F455122825FA000CBCB69 /* Sources */,
				C23F455222825FA000CBCB69 /* Frameworks */,
				C23F455322825FA000CBCB69 /* Resources */,
				857054FD9D8FA9EE0536085D /* [CP] Embed Pods Frameworks */,
			);
			buildRules = (
			);
			dependencies = (
			);
			name = Quid;
			productName = "Quick Vault";
			productReference = C23F455522825FA000CBCB69 /* Quid.app */;
			productType = "com.apple.product-type.application";
		};
/* End PBXNativeTarget section */

/* Begin PBXProject section */
		C23F454D22825FA000CBCB69 /* Project object */ = {
			isa = PBXProject;
			attributes = {
				LastSwiftUpdateCheck = 1020;
				LastUpgradeCheck = 1020;
				ORGANIZATIONNAME = "KOD Inc";
				TargetAttributes = {
					C23F455422825FA000CBCB69 = {
						CreatedOnToolsVersion = 10.2.1;
						SystemCapabilities = {
							com.apple.DataProtection = {
								enabled = 1;
							};
						};
					};
				};
			};
			buildConfigurationList = C23F455022825FA000CBCB69 /* Build configuration list for PBXProject "Quid" */;
			compatibilityVersion = "Xcode 9.3";
			developmentRegion = en;
			hasScannedForEncodings = 0;
			knownRegions = (
				en,
				Base,
			);
			mainGroup = C23F454C22825FA000CBCB69;
			productRefGroup = C23F455622825FA000CBCB69 /* Products */;
			projectDirPath = "";
			projectRoot = "";
			targets = (
				C23F455422825FA000CBCB69 /* Quid */,
			);
		};
/* End PBXProject section */

/* Begin PBXResourcesBuildPhase section */
		C23F455322825FA000CBCB69 /* Resources */ = {
			isa = PBXResourcesBuildPhase;
			buildActionMask = 2147483647;
			files = (
				C2DB9A3822892674004293A7 /* profile.storyboard in Resources */,
				C2DB9A322286CC92004293A7 /* main.storyboard in Resources */,
				C23F456322825FBE00CBCB69 /* LaunchScreen.storyboard in Resources */,
				C23B1BF6229510FD0035C61C /* startingScreen.storyboard in Resources */,
				C2DB9A34228700FE004293A7 /* vault.storyboard in Resources */,
				C23F456022825FBE00CBCB69 /* Assets.xcassets in Resources */,
				C23F455E22825FA000CBCB69 /* signInNsignUp.storyboard in Resources */,
			);
			runOnlyForDeploymentPostprocessing = 0;
		};
/* End PBXResourcesBuildPhase section */

/* Begin PBXShellScriptBuildPhase section */
		857054FD9D8FA9EE0536085D /* [CP] Embed Pods Frameworks */ = {
			isa = PBXShellScriptBuildPhase;
			buildActionMask = 2147483647;
			files = (
			);
			inputFileListPaths = (
			);
			inputPaths = (
				"${PODS_ROOT}/Target Support Files/Pods-Quick Vault/Pods-Quick Vault-frameworks.sh",
				"${BUILT_PRODUCTS_DIR}/Realm/Realm.framework",
				"${BUILT_PRODUCTS_DIR}/RealmSwift/RealmSwift.framework",
			);
			name = "[CP] Embed Pods Frameworks";
			outputFileListPaths = (
			);
			outputPaths = (
				"${TARGET_BUILD_DIR}/${FRAMEWORKS_FOLDER_PATH}/Realm.framework",
				"${TARGET_BUILD_DIR}/${FRAMEWORKS_FOLDER_PATH}/RealmSwift.framework",
			);
			runOnlyForDeploymentPostprocessing = 0;
			shellPath = /bin/sh;
			shellScript = "\"${PODS_ROOT}/Target Support Files/Pods-Quick Vault/Pods-Quick Vault-frameworks.sh\"\n";
			showEnvVarsInLog = 0;
		};
		A9CEE3DB7E0BB79F6B2F3E9E /* [CP] Check Pods Manifest.lock */ = {
			isa = PBXShellScriptBuildPhase;
			buildActionMask = 2147483647;
			files = (
			);
			inputFileListPaths = (
			);
			inputPaths = (
				"${PODS_PODFILE_DIR_PATH}/Podfile.lock",
				"${PODS_ROOT}/Manifest.lock",
			);
			name = "[CP] Check Pods Manifest.lock";
			outputFileListPaths = (
			);
			outputPaths = (
				"$(DERIVED_FILE_DIR)/Pods-Quick Vault-checkManifestLockResult.txt",
			);
			runOnlyForDeploymentPostprocessing = 0;
			shellPath = /bin/sh;
			shellScript = "diff \"${PODS_PODFILE_DIR_PATH}/Podfile.lock\" \"${PODS_ROOT}/Manifest.lock\" > /dev/null\nif [ $? != 0 ] ; then\n    # print error to STDERR\n    echo \"error: The sandbox is not in sync with the Podfile.lock. Run 'pod install' or update your CocoaPods installation.\" >&2\n    exit 1\nfi\n# This output is used by Xcode 'outputs' to avoid re-running this script phase.\necho \"SUCCESS\" > \"${SCRIPT_OUTPUT_FILE_0}\"\n";
			showEnvVarsInLog = 0;
		};
/* End PBXShellScriptBuildPhase section */

/* Begin PBXSourcesBuildPhase section */
		C23F455122825FA000CBCB69 /* Sources */ = {
			isa = PBXSourcesBuildPhase;
			buildActionMask = 2147483647;
			files = (
				C2DB9A3E2289A6B2004293A7 /* Credentials.swift in Sources */,
				C2DB9A3A2289296A004293A7 /* AlertServices.swift in Sources */,
				C2B341B522952DBA00B258E4 /* main.swift in Sources */,
				C2DB9A3C228929C9004293A7 /* RealmServices.swift in Sources */,
				C23F455B22825FA000CBCB69 /* ViewController.swift in Sources */,
				C23F455922825FA000CBCB69 /* AppDelegate.swift in Sources */,
				C23F456B228271BA00CBCB69 /* Account.swift in Sources */,
				C2D7D01D228D809600224206 /* Encryption.swift in Sources */,
				C23B1BF22294EF250035C61C /* Timer.swift in Sources */,
			);
			runOnlyForDeploymentPostprocessing = 0;
		};
/* End PBXSourcesBuildPhase section */

/* Begin PBXVariantGroup section */
		C23F455C22825FA000CBCB69 /* signInNsignUp.storyboard */ = {
			isa = PBXVariantGroup;
			children = (
				C23F455D22825FA000CBCB69 /* Base */,
			);
			name = signInNsignUp.storyboard;
			sourceTree = "<group>";
		};
		C23F456122825FBE00CBCB69 /* LaunchScreen.storyboard */ = {
			isa = PBXVariantGroup;
			children = (
				C23F456222825FBE00CBCB69 /* Base */,
			);
			name = LaunchScreen.storyboard;
			sourceTree = "<group>";
		};
/* End PBXVariantGroup section */

/* Begin XCBuildConfiguration section */
		C23F456522825FBE00CBCB69 /* Debug */ = {
			isa = XCBuildConfiguration;
			buildSettings = {
				ALWAYS_SEARCH_USER_PATHS = NO;
				CLANG_ANALYZER_NONNULL = YES;
				CLANG_ANALYZER_NUMBER_OBJECT_CONVERSION = YES_AGGRESSIVE;
				CLANG_CXX_LANGUAGE_STANDARD = "gnu++14";
				CLANG_CXX_LIBRARY = "libc++";
				CLANG_ENABLE_MODULES = YES;
				CLANG_ENABLE_OBJC_ARC = YES;
				CLANG_ENABLE_OBJC_WEAK = YES;
				CLANG_WARN_BLOCK_CAPTURE_AUTORELEASING = YES;
				CLANG_WARN_BOOL_CONVERSION = YES;
				CLANG_WARN_COMMA = YES;
				CLANG_WARN_CONSTANT_CONVERSION = YES;
				CLANG_WARN_DEPRECATED_OBJC_IMPLEMENTATIONS = YES;
				CLANG_WARN_DIRECT_OBJC_ISA_USAGE = YES_ERROR;
				CLANG_WARN_DOCUMENTATION_COMMENTS = YES;
				CLANG_WARN_EMPTY_BODY = YES;
				CLANG_WARN_ENUM_CONVERSION = YES;
				CLANG_WARN_INFINITE_RECURSION = YES;
				CLANG_WARN_INT_CONVERSION = YES;
				CLANG_WARN_NON_LITERAL_NULL_CONVERSION = YES;
				CLANG_WARN_OBJC_IMPLICIT_RETAIN_SELF = YES;
				CLANG_WARN_OBJC_LITERAL_CONVERSION = YES;
				CLANG_WARN_OBJC_ROOT_CLASS = YES_ERROR;
				CLANG_WARN_RANGE_LOOP_ANALYSIS = YES;
				CLANG_WARN_STRICT_PROTOTYPES = YES;
				CLANG_WARN_SUSPICIOUS_MOVE = YES;
				CLANG_WARN_UNGUARDED_AVAILABILITY = YES_AGGRESSIVE;
				CLANG_WARN_UNREACHABLE_CODE = YES;
				CLANG_WARN__DUPLICATE_METHOD_MATCH = YES;
				CODE_SIGN_IDENTITY = "iPhone Developer";
				COPY_PHASE_STRIP = NO;
				DEBUG_INFORMATION_FORMAT = dwarf;
				ENABLE_STRICT_OBJC_MSGSEND = YES;
				ENABLE_TESTABILITY = YES;
				GCC_C_LANGUAGE_STANDARD = gnu11;
				GCC_DYNAMIC_NO_PIC = NO;
				GCC_NO_COMMON_BLOCKS = YES;
				GCC_OPTIMIZATION_LEVEL = 0;
				GCC_PREPROCESSOR_DEFINITIONS = (
					"DEBUG=1",
					"$(inherited)",
				);
				GCC_WARN_64_TO_32_BIT_CONVERSION = YES;
				GCC_WARN_ABOUT_RETURN_TYPE = YES_ERROR;
				GCC_WARN_UNDECLARED_SELECTOR = YES;
				GCC_WARN_UNINITIALIZED_AUTOS = YES_AGGRESSIVE;
				GCC_WARN_UNUSED_FUNCTION = YES;
				GCC_WARN_UNUSED_VARIABLE = YES;
				IPHONEOS_DEPLOYMENT_TARGET = 12.2;
				MTL_ENABLE_DEBUG_INFO = INCLUDE_SOURCE;
				MTL_FAST_MATH = YES;
				ONLY_ACTIVE_ARCH = YES;
				SDKROOT = iphoneos;
				SWIFT_ACTIVE_COMPILATION_CONDITIONS = DEBUG;
				SWIFT_OPTIMIZATION_LEVEL = "-Onone";
			};
			name = Debug;
		};
		C23F456622825FBE00CBCB69 /* Release */ = {
			isa = XCBuildConfiguration;
			buildSettings = {
				ALWAYS_SEARCH_USER_PATHS = NO;
				CLANG_ANALYZER_NONNULL = YES;
				CLANG_ANALYZER_NUMBER_OBJECT_CONVERSION = YES_AGGRESSIVE;
				CLANG_CXX_LANGUAGE_STANDARD = "gnu++14";
				CLANG_CXX_LIBRARY = "libc++";
				CLANG_ENABLE_MODULES = YES;
				CLANG_ENABLE_OBJC_ARC = YES;
				CLANG_ENABLE_OBJC_WEAK = YES;
				CLANG_WARN_BLOCK_CAPTURE_AUTORELEASING = YES;
				CLANG_WARN_BOOL_CONVERSION = YES;
				CLANG_WARN_COMMA = YES;
				CLANG_WARN_CONSTANT_CONVERSION = YES;
				CLANG_WARN_DEPRECATED_OBJC_IMPLEMENTATIONS = YES;
				CLANG_WARN_DIRECT_OBJC_ISA_USAGE = YES_ERROR;
				CLANG_WARN_DOCUMENTATION_COMMENTS = YES;
				CLANG_WARN_EMPTY_BODY = YES;
				CLANG_WARN_ENUM_CONVERSION = YES;
				CLANG_WARN_INFINITE_RECURSION = YES;
				CLANG_WARN_INT_CONVERSION = YES;
				CLANG_WARN_NON_LITERAL_NULL_CONVERSION = YES;
				CLANG_WARN_OBJC_IMPLICIT_RETAIN_SELF = YES;
				CLANG_WARN_OBJC_LITERAL_CONVERSION = YES;
				CLANG_WARN_OBJC_ROOT_CLASS = YES_ERROR;
				CLANG_WARN_RANGE_LOOP_ANALYSIS = YES;
				CLANG_WARN_STRICT_PROTOTYPES = YES;
				CLANG_WARN_SUSPICIOUS_MOVE = YES;
				CLANG_WARN_UNGUARDED_AVAILABILITY = YES_AGGRESSIVE;
				CLANG_WARN_UNREACHABLE_CODE = YES;
				CLANG_WARN__DUPLICATE_METHOD_MATCH = YES;
				CODE_SIGN_IDENTITY = "iPhone Developer";
				COPY_PHASE_STRIP = NO;
				DEBUG_INFORMATION_FORMAT = "dwarf-with-dsym";
				ENABLE_NS_ASSERTIONS = NO;
				ENABLE_STRICT_OBJC_MSGSEND = YES;
				GCC_C_LANGUAGE_STANDARD = gnu11;
				GCC_NO_COMMON_BLOCKS = YES;
				GCC_WARN_64_TO_32_BIT_CONVERSION = YES;
				GCC_WARN_ABOUT_RETURN_TYPE = YES_ERROR;
				GCC_WARN_UNDECLARED_SELECTOR = YES;
				GCC_WARN_UNINITIALIZED_AUTOS = YES_AGGRESSIVE;
				GCC_WARN_UNUSED_FUNCTION = YES;
				GCC_WARN_UNUSED_VARIABLE = YES;
				IPHONEOS_DEPLOYMENT_TARGET = 12.2;
				MTL_ENABLE_DEBUG_INFO = NO;
				MTL_FAST_MATH = YES;
				SDKROOT = iphoneos;
				SWIFT_COMPILATION_MODE = wholemodule;
				SWIFT_OPTIMIZATION_LEVEL = "-O";
				VALIDATE_PRODUCT = YES;
			};
			name = Release;
		};
		C23F456822825FBE00CBCB69 /* Debug */ = {
			isa = XCBuildConfiguration;
			baseConfigurationReference = 6BE46BAF304A4826D862177E /* Pods-Quick Vault.debug.xcconfig */;
			buildSettings = {
				ASSETCATALOG_COMPILER_APPICON_NAME = AppIcon;
				CODE_SIGN_ENTITLEMENTS = "Quick Vault/Quick Vault.entitlements";
				CODE_SIGN_STYLE = Automatic;
				DEVELOPMENT_TEAM = RU6G3D7398;
				INFOPLIST_FILE = "Quick Vault/Info.plist";
				LD_RUNPATH_SEARCH_PATHS = (
					"$(inherited)",
					"@executable_path/Frameworks",
				);
				PRODUCT_BUNDLE_IDENTIFIER = "sml.Quick-Vault";
				PRODUCT_NAME = "$(TARGET_NAME)";
				SWIFT_VERSION = 5.0;
				TARGETED_DEVICE_FAMILY = "1,2";
			};
			name = Debug;
		};
		C23F456922825FBE00CBCB69 /* Release */ = {
			isa = XCBuildConfiguration;
			baseConfigurationReference = 6CFA25E436EBBD2E43C054EA /* Pods-Quick Vault.release.xcconfig */;
			buildSettings = {
				ASSETCATALOG_COMPILER_APPICON_NAME = AppIcon;
				CODE_SIGN_ENTITLEMENTS = "Quick Vault/Quick Vault.entitlements";
				CODE_SIGN_STYLE = Automatic;
				DEVELOPMENT_TEAM = RU6G3D7398;
				INFOPLIST_FILE = "Quick Vault/Info.plist";
				LD_RUNPATH_SEARCH_PATHS = (
					"$(inherited)",
					"@executable_path/Frameworks",
				);
				PRODUCT_BUNDLE_IDENTIFIER = "sml.Quick-Vault";
				PRODUCT_NAME = "$(TARGET_NAME)";
				SWIFT_VERSION = 5.0;
				TARGETED_DEVICE_FAMILY = "1,2";
			};
			name = Release;
		};
/* End XCBuildConfiguration section */

/* Begin XCConfigurationList section */
		C23F455022825FA000CBCB69 /* Build configuration list for PBXProject "Quid" */ = {
			isa = XCConfigurationList;
			buildConfigurations = (
				C23F456522825FBE00CBCB69 /* Debug */,
				C23F456622825FBE00CBCB69 /* Release */,
			);
			defaultConfigurationIsVisible = 0;
			defaultConfigurationName = Release;
		};
		C23F456722825FBE00CBCB69 /* Build configuration list for PBXNativeTarget "Quid" */ = {
			isa = XCConfigurationList;
			buildConfigurations = (
				C23F456822825FBE00CBCB69 /* Debug */,
				C23F456922825FBE00CBCB69 /* Release */,
			);
			defaultConfigurationIsVisible = 0;
			defaultConfigurationName = Release;
		};
/* End XCConfigurationList section */
	};
	rootObject = C23F454D22825FA000CBCB69 /* Project object */;
}
