// !$*UTF8*$!
{
	archiveVersion = 1;
	classes = {
	};
	objectVersion = 50;
	objects = {

/* Begin PBXBuildFile section */
		C23F455922825FA000CBCB69 /* AppDelegate.swift in Sources */ = {isa = PBXBuildFile; fileRef = C23F455822825FA000CBCB69 /* AppDelegate.swift */; };
		C23F455B22825FA000CBCB69 /* ViewController.swift in Sources */ = {isa = PBXBuildFile; fileRef = C23F455A22825FA000CBCB69 /* ViewController.swift */; };
		C23F455E22825FA000CBCB69 /* Main.storyboard in Resources */ = {isa = PBXBuildFile; fileRef = C23F455C22825FA000CBCB69 /* Main.storyboard */; };
		C23F456022825FBE00CBCB69 /* Assets.xcassets in Resources */ = {isa = PBXBuildFile; fileRef = C23F455F22825FBE00CBCB69 /* Assets.xcassets */; };
		C23F456322825FBE00CBCB69 /* LaunchScreen.storyboard in Resources */ = {isa = PBXBuildFile; fileRef = C23F456122825FBE00CBCB69 /* LaunchScreen.storyboard */; };
		C23F456B228271BA00CBCB69 /* Account.swift in Sources */ = {isa = PBXBuildFile; fileRef = C23F456A228271BA00CBCB69 /* Account.swift */; };
		C23F456D2283BFC500CBCB69 /* local.strings in Resources */ = {isa = PBXBuildFile; fileRef = C23F456C2283BFC500CBCB69 /* local.strings */; };
/* End PBXBuildFile section */

/* Begin PBXFileReference section */
		C23F455522825FA000CBCB69 /* Quick Vault.app */ = {isa = PBXFileReference; explicitFileType = wrapper.application; includeInIndex = 0; path = "Quick Vault.app"; sourceTree = BUILT_PRODUCTS_DIR; };
		C23F455822825FA000CBCB69 /* AppDelegate.swift */ = {isa = PBXFileReference; lastKnownFileType = sourcecode.swift; path = AppDelegate.swift; sourceTree = "<group>"; };
		C23F455A22825FA000CBCB69 /* ViewController.swift */ = {isa = PBXFileReference; lastKnownFileType = sourcecode.swift; path = ViewController.swift; sourceTree = "<group>"; };
		C23F455D22825FA000CBCB69 /* Base */ = {isa = PBXFileReference; lastKnownFileType = file.storyboard; name = Base; path = Base.lproj/Main.storyboard; sourceTree = "<group>"; };
		C23F455F22825FBE00CBCB69 /* Assets.xcassets */ = {isa = PBXFileReference; lastKnownFileType = folder.assetcatalog; path = Assets.xcassets; sourceTree = "<group>"; };
		C23F456222825FBE00CBCB69 /* Base */ = {isa = PBXFileReference; lastKnownFileType = file.storyboard; name = Base; path = Base.lproj/LaunchScreen.storyboard; sourceTree = "<group>"; };
		C23F456422825FBE00CBCB69 /* Info.plist */ = {isa = PBXFileReference; lastKnownFileType = text.plist.xml; path = Info.plist; sourceTree = "<group>"; };
		C23F456A228271BA00CBCB69 /* Account.swift */ = {isa = PBXFileReference; lastKnownFileType = sourcecode.swift; path = Account.swift; sourceTree = "<group>"; };
		C23F456C2283BFC500CBCB69 /* local.strings */ = {isa = PBXFileReference; lastKnownFileType = text.plist.strings; path = local.strings; sourceTree = "<group>"; };
/* End PBXFileReference section */

/* Begin PBXFrameworksBuildPhase section */
		C23F455222825FA000CBCB69 /* Frameworks */ = {
			isa = PBXFrameworksBuildPhase;
			buildActionMask = 2147483647;
			files = (
			);
			runOnlyForDeploymentPostprocessing = 0;
		};
/* End PBXFrameworksBuildPhase section */

/* Begin PBXGroup section */
		C23F454C22825FA000CBCB69 = {
			isa = PBXGroup;
			children = (
				C23F455722825FA000CBCB69 /* Quick Vault */,
				C23F455622825FA000CBCB69 /* Products */,
			);
			sourceTree = "<group>";
		};
		C23F455622825FA000CBCB69 /* Products */ = {
			isa = PBXGroup;
			children = (
				C23F455522825FA000CBCB69 /* Quick Vault.app */,
			);
			name = Products;
			sourceTree = "<group>";
		};
		C23F455722825FA000CBCB69 /* Quick Vault */ = {
			isa = PBXGroup;
			children = (
				C23F455822825FA000CBCB69 /* AppDelegate.swift */,
				C23F455A22825FA000CBCB69 /* ViewController.swift */,
				C23F456C2283BFC500CBCB69 /* local.strings */,
				C23F455C22825FA000CBCB69 /* Main.storyboard */,
				C23F456A228271BA00CBCB69 /* Account.swift */,
				C23F455F22825FBE00CBCB69 /* Assets.xcassets */,
				C23F456122825FBE00CBCB69 /* LaunchScreen.storyboard */,
				C23F456422825FBE00CBCB69 /* Info.plist */,
			);
			path = "Quick Vault";
			sourceTree = "<group>";
		};
/* End PBXGroup section */

/* Begin PBXNativeTarget section */
		C23F455422825FA000CBCB69 /* Quick Vault */ = {
			isa = PBXNativeTarget;
			buildConfigurationList = C23F456722825FBE00CBCB69 /* Build configuration list for PBXNativeTarget "Quick Vault" */;
			buildPhases = (
				C23F455122825FA000CBCB69 /* Sources */,
				C23F455222825FA000CBCB69 /* Frameworks */,
				C23F455322825FA000CBCB69 /* Resources */,
			);
			buildRules = (
			);
			dependencies = (
			);
			name = "Quick Vault";
			productName = "Quick Vault";
			productReference = C23F455522825FA000CBCB69 /* Quick Vault.app */;
			productType = "com.apple.product-type.application";
		};
/* End PBXNativeTarget section */

/* Begin PBXProject section */
		C23F454D22825FA000CBCB69 /* Project object */ = {
			isa = PBXProject;
			attributes = {
				LastSwiftUpdateCheck = 1020;
				LastUpgradeCheck = 1020;
				ORGANIZATIONNAME = "KOD Inc";
				TargetAttributes = {
					C23F455422825FA000CBCB69 = {
						CreatedOnToolsVersion = 10.2.1;
					};
				};
			};
			buildConfigurationList = C23F455022825FA000CBCB69 /* Build configuration list for PBXProject "Quick Vault" */;
			compatibilityVersion = "Xcode 9.3";
			developmentRegion = en;
			hasScannedForEncodings = 0;
			knownRegions = (
				en,
				Base,
			);
			mainGroup = C23F454C22825FA000CBCB69;
			productRefGroup = C23F455622825FA000CBCB69 /* Products */;
			projectDirPath = "";
			projectRoot = "";
			targets = (
				C23F455422825FA000CBCB69 /* Quick Vault */,
			);
		};
/* End PBXProject section */

/* Begin PBXResourcesBuildPhase section */
		C23F455322825FA000CBCB69 /* Resources */ = {
			isa = PBXResourcesBuildPhase;
			buildActionMask = 2147483647;
			files = (
				C23F456D2283BFC500CBCB69 /* local.strings in Resources */,
				C23F456322825FBE00CBCB69 /* LaunchScreen.storyboard in Resources */,
				C23F456022825FBE00CBCB69 /* Assets.xcassets in Resources */,
				C23F455E22825FA000CBCB69 /* Main.storyboard in Resources */,
			);
			runOnlyForDeploymentPostprocessing = 0;
		};
/* End PBXResourcesBuildPhase section */

/* Begin PBXSourcesBuildPhase section */
		C23F455122825FA000CBCB69 /* Sources */ = {
			isa = PBXSourcesBuildPhase;
			buildActionMask = 2147483647;
			files = (
				C23F455B22825FA000CBCB69 /* ViewController.swift in Sources */,
				C23F455922825FA000CBCB69 /* AppDelegate.swift in Sources */,
				C23F456B228271BA00CBCB69 /* Account.swift in Sources */,
			);
			runOnlyForDeploymentPostprocessing = 0;
		};
/* End PBXSourcesBuildPhase section */

/* Begin PBXVariantGroup section */
		C23F455C22825FA000CBCB69 /* Main.storyboard */ = {
			isa = PBXVariantGroup;
			children = (
				C23F455D22825FA000CBCB69 /* Base */,
			);
			name = Main.storyboard;
			sourceTree = "<group>";
		};
		C23F456122825FBE00CBCB69 /* LaunchScreen.storyboard */ = {
			isa = PBXVariantGroup;
			children = (
				C23F456222825FBE00CBCB69 /* Base */,
			);
			name = LaunchScreen.storyboard;
			sourceTree = "<group>";
		};
/* End PBXVariantGroup section */

/* Begin XCBuildConfiguration section */
		C23F456522825FBE00CBCB69 /* Debug */ = {
			isa = XCBuildConfiguration;
			buildSettings = {
				ALWAYS_SEARCH_USER_PATHS = NO;
				CLANG_ANALYZER_NONNULL = YES;
				CLANG_ANALYZER_NUMBER_OBJECT_CONVERSION = YES_AGGRESSIVE;
				CLANG_CXX_LANGUAGE_STANDARD = "gnu++14";
				CLANG_CXX_LIBRARY = "libc++";
				CLANG_ENABLE_MODULES = YES;
				CLANG_ENABLE_OBJC_ARC = YES;
				CLANG_ENABLE_OBJC_WEAK = YES;
				CLANG_WARN_BLOCK_CAPTURE_AUTORELEASING = YES;
				CLANG_WARN_BOOL_CONVERSION = YES;
				CLANG_WARN_COMMA = YES;
				CLANG_WARN_CONSTANT_CONVERSION = YES;
				CLANG_WARN_DEPRECATED_OBJC_IMPLEMENTATIONS = YES;
				CLANG_WARN_DIRECT_OBJC_ISA_USAGE = YES_ERROR;
				CLANG_WARN_DOCUMENTATION_COMMENTS = YES;
				CLANG_WARN_EMPTY_BODY = YES;
				CLANG_WARN_ENUM_CONVERSION = YES;
				CLANG_WARN_INFINITE_RECURSION = YES;
				CLANG_WARN_INT_CONVERSION = YES;
				CLANG_WARN_NON_LITERAL_NULL_CONVERSION = YES;
				CLANG_WARN_OBJC_IMPLICIT_RETAIN_SELF = YES;
				CLANG_WARN_OBJC_LITERAL_CONVERSION = YES;
				CLANG_WARN_OBJC_ROOT_CLASS = YES_ERROR;
				CLANG_WARN_RANGE_LOOP_ANALYSIS = YES;
				CLANG_WARN_STRICT_PROTOTYPES = YES;
				CLANG_WARN_SUSPICIOUS_MOVE = YES;
				CLANG_WARN_UNGUARDED_AVAILABILITY = YES_AGGRESSIVE;
				CLANG_WARN_UNREACHABLE_CODE = YES;
				CLANG_WARN__DUPLICATE_METHOD_MATCH = YES;
				CODE_SIGN_IDENTITY = "iPhone Developer";
				COPY_PHASE_STRIP = NO;
				DEBUG_INFORMATION_FORMAT = dwarf;
				ENABLE_STRICT_OBJC_MSGSEND = YES;
				ENABLE_TESTABILITY = YES;
				GCC_C_LANGUAGE_STANDARD = gnu11;
				GCC_DYNAMIC_NO_PIC = NO;
				GCC_NO_COMMON_BLOCKS = YES;
				GCC_OPTIMIZATION_LEVEL = 0;
				GCC_PREPROCESSOR_DEFINITIONS = (
					"DEBUG=1",
					"$(inherited)",
				);
				GCC_WARN_64_TO_32_BIT_CONVERSION = YES;
				GCC_WARN_ABOUT_RETURN_TYPE = YES_ERROR;
				GCC_WARN_UNDECLARED_SELECTOR = YES;
				GCC_WARN_UNINITIALIZED_AUTOS = YES_AGGRESSIVE;
				GCC_WARN_UNUSED_FUNCTION = YES;
				GCC_WARN_UNUSED_VARIABLE = YES;
				IPHONEOS_DEPLOYMENT_TARGET = 12.2;
				MTL_ENABLE_DEBUG_INFO = INCLUDE_SOURCE;
				MTL_FAST_MATH = YES;
				ONLY_ACTIVE_ARCH = YES;
				SDKROOT = iphoneos;
				SWIFT_ACTIVE_COMPILATION_CONDITIONS = DEBUG;
				SWIFT_OPTIMIZATION_LEVEL = "-Onone";
			};
			name = Debug;
		};
		C23F456622825FBE00CBCB69 /* Release */ = {
			isa = XCBuildConfiguration;
			buildSettings = {
				ALWAYS_SEARCH_USER_PATHS = NO;
				CLANG_ANALYZER_NONNULL = YES;
				CLANG_ANALYZER_NUMBER_OBJECT_CONVERSION = YES_AGGRESSIVE;
				CLANG_CXX_LANGUAGE_STANDARD = "gnu++14";
				CLANG_CXX_LIBRARY = "libc++";
				CLANG_ENABLE_MODULES = YES;
				CLANG_ENABLE_OBJC_ARC = YES;
				CLANG_ENABLE_OBJC_WEAK = YES;
				CLANG_WARN_BLOCK_CAPTURE_AUTORELEASING = YES;
				CLANG_WARN_BOOL_CONVERSION = YES;
				CLANG_WARN_COMMA = YES;
				CLANG_WARN_CONSTANT_CONVERSION = YES;
				CLANG_WARN_DEPRECATED_OBJC_IMPLEMENTATIONS = YES;
				CLANG_WARN_DIRECT_OBJC_ISA_USAGE = YES_ERROR;
				CLANG_WARN_DOCUMENTATION_COMMENTS = YES;
				CLANG_WARN_EMPTY_BODY = YES;
				CLANG_WARN_ENUM_CONVERSION = YES;
				CLANG_WARN_INFINITE_RECURSION = YES;
				CLANG_WARN_INT_CONVERSION = YES;
				CLANG_WARN_NON_LITERAL_NULL_CONVERSION = YES;
				CLANG_WARN_OBJC_IMPLICIT_RETAIN_SELF = YES;
				CLANG_WARN_OBJC_LITERAL_CONVERSION = YES;
				CLANG_WARN_OBJC_ROOT_CLASS = YES_ERROR;
				CLANG_WARN_RANGE_LOOP_ANALYSIS = YES;
				CLANG_WARN_STRICT_PROTOTYPES = YES;
				CLANG_WARN_SUSPICIOUS_MOVE = YES;
				CLANG_WARN_UNGUARDED_AVAILABILITY = YES_AGGRESSIVE;
				CLANG_WARN_UNREACHABLE_CODE = YES;
				CLANG_WARN__DUPLICATE_METHOD_MATCH = YES;
				CODE_SIGN_IDENTITY = "iPhone Developer";
				COPY_PHASE_STRIP = NO;
				DEBUG_INFORMATION_FORMAT = "dwarf-with-dsym";
				ENABLE_NS_ASSERTIONS = NO;
				ENABLE_STRICT_OBJC_MSGSEND = YES;
				GCC_C_LANGUAGE_STANDARD = gnu11;
				GCC_NO_COMMON_BLOCKS = YES;
				GCC_WARN_64_TO_32_BIT_CONVERSION = YES;
				GCC_WARN_ABOUT_RETURN_TYPE = YES_ERROR;
				GCC_WARN_UNDECLARED_SELECTOR = YES;
				GCC_WARN_UNINITIALIZED_AUTOS = YES_AGGRESSIVE;
				GCC_WARN_UNUSED_FUNCTION = YES;
				GCC_WARN_UNUSED_VARIABLE = YES;
				IPHONEOS_DEPLOYMENT_TARGET = 12.2;
				MTL_ENABLE_DEBUG_INFO = NO;
				MTL_FAST_MATH = YES;
				SDKROOT = iphoneos;
				SWIFT_COMPILATION_MODE = wholemodule;
				SWIFT_OPTIMIZATION_LEVEL = "-O";
				VALIDATE_PRODUCT = YES;
			};
			name = Release;
		};
		C23F456822825FBE00CBCB69 /* Debug */ = {
			isa = XCBuildConfiguration;
			buildSettings = {
				ASSETCATALOG_COMPILER_APPICON_NAME = AppIcon;
				CODE_SIGN_STYLE = Automatic;
				DEVELOPMENT_TEAM = RU6G3D7398;
				INFOPLIST_FILE = "Quick Vault/Info.plist";
				LD_RUNPATH_SEARCH_PATHS = (
					"$(inherited)",
					"@executable_path/Frameworks",
				);
				PRODUCT_BUNDLE_IDENTIFIER = "sml.Quick-Vault";
				PRODUCT_NAME = "$(TARGET_NAME)";
				SWIFT_VERSION = 5.0;
				TARGETED_DEVICE_FAMILY = "1,2";
			};
			name = Debug;
		};
		C23F456922825FBE00CBCB69 /* Release */ = {
			isa = XCBuildConfiguration;
			buildSettings = {
				ASSETCATALOG_COMPILER_APPICON_NAME = AppIcon;
				CODE_SIGN_STYLE = Automatic;
				DEVELOPMENT_TEAM = RU6G3D7398;
				INFOPLIST_FILE = "Quick Vault/Info.plist";
				LD_RUNPATH_SEARCH_PATHS = (
					"$(inherited)",
					"@executable_path/Frameworks",
				);
				PRODUCT_BUNDLE_IDENTIFIER = "sml.Quick-Vault";
				PRODUCT_NAME = "$(TARGET_NAME)";
				SWIFT_VERSION = 5.0;
				TARGETED_DEVICE_FAMILY = "1,2";
			};
			name = Release;
		};
/* End XCBuildConfiguration section */

/* Begin XCConfigurationList section */
		C23F455022825FA000CBCB69 /* Build configuration list for PBXProject "Quick Vault" */ = {
			isa = XCConfigurationList;
			buildConfigurations = (
				C23F456522825FBE00CBCB69 /* Debug */,
				C23F456622825FBE00CBCB69 /* Release */,
			);
			defaultConfigurationIsVisible = 0;
			defaultConfigurationName = Release;
		};
		C23F456722825FBE00CBCB69 /* Build configuration list for PBXNativeTarget "Quick Vault" */ = {
			isa = XCConfigurationList;
			buildConfigurations = (
				C23F456822825FBE00CBCB69 /* Debug */,
				C23F456922825FBE00CBCB69 /* Release */,
			);
			defaultConfigurationIsVisible = 0;
			defaultConfigurationName = Release;
		};
/* End XCConfigurationList section */
	};
	rootObject = C23F454D22825FA000CBCB69 /* Project object */;
}
